
Microsoft Visual Studio Solution File, Format Version 12.00
# Visual Studio Version 17
VisualStudioVersion = 17.5.33627.172
MinimumVisualStudioVersion = 10.0.40219.1
Project("{FAE04EC0-301F-11D3-BF4B-00C04F79EFBC}") = "MarraigeHallMan", "MarraigeHallMan.csproj", "{78082FE4-FE57-4BFB-9FAF-DDF210343712}"
EndProject
Global
	GlobalSection(SolutionConfigurationPlatforms) = preSolution
		Debug|Any CPU = Debug|Any CPU
		Release|Any CPU = Release|Any CPU
	EndGlobalSection
	GlobalSection(ProjectConfigurationPlatforms) = postSolution
		{78082FE4-FE57-4BFB-9FAF-DDF210343712}.Debug|Any CPU.ActiveCfg = Debug|Any CPU
		{78082FE4-FE57-4BFB-9FAF-DDF210343712}.Debug|Any CPU.Build.0 = Debug|Any CPU
		{78082FE4-FE57-4BFB-9FAF-DDF210343712}.Release|Any CPU.ActiveCfg = Release|Any CPU
		{78082FE4-FE57-4BFB-9FAF-DDF210343712}.Release|Any CPU.Build.0 = Release|Any CPU
	EndGlobalSection
	GlobalSection(SolutionProperties) = preSolution
		HideSolutionNode = FALSE
	EndGlobalSection
	GlobalSection(ExtensibilityGlobals) = postSolution
		SolutionGuid = {95E72540-375B-4965-943F-AF638082E068}
	EndGlobalSection
EndGlobal
